
Microsoft Visual Studio Solution File, Format Version 12.00
# Visual Studio Version 17
VisualStudioVersion = 17.10.35013.160
MinimumVisualStudioVersion = 10.0.40219.1
Project("{FAE04EC0-301F-11D3-BF4B-00C04F79EFBC}") = "TechRequest.API", "TechRequest.API\TechRequest.API.csproj", "{304D2983-0A7E-4633-BDCB-CF2829697CF6}"
EndProject
Global
	GlobalSection(SolutionConfigurationPlatforms) = preSolution
		Debug|Any CPU = Debug|Any CPU
		Release|Any CPU = Release|Any CPU
	EndGlobalSection
	GlobalSection(ProjectConfigurationPlatforms) = postSolution
		{304D2983-0A7E-4633-BDCB-CF2829697CF6}.Debug|Any CPU.ActiveCfg = Debug|Any CPU
		{304D2983-0A7E-4633-BDCB-CF2829697CF6}.Debug|Any CPU.Build.0 = Debug|Any CPU
		{304D2983-0A7E-4633-BDCB-CF2829697CF6}.Release|Any CPU.ActiveCfg = Release|Any CPU
		{304D2983-0A7E-4633-BDCB-CF2829697CF6}.Release|Any CPU.Build.0 = Release|Any CPU
	EndGlobalSection
	GlobalSection(SolutionProperties) = preSolution
		HideSolutionNode = FALSE
	EndGlobalSection
	GlobalSection(ExtensibilityGlobals) = postSolution
		SolutionGuid = {D1259403-DD72-4046-8D57-3612668ECB20}
	EndGlobalSection
EndGlobal
